
Microsoft Visual Studio Solution File, Format Version 12.00
# Visual Studio Version 17
VisualStudioVersion = 17.2.32505.173
MinimumVisualStudioVersion = 10.0.40219.1
Project("{FAE04EC0-301F-11D3-BF4B-00C04F79EFBC}") = "CheapPlayitasApi", "CheapPlayitasApi\CheapPlayitasApi.csproj", "{7CF04E91-ECC3-4C58-9BF6-FD3CE687B224}"
EndProject
Global
	GlobalSection(SolutionConfigurationPlatforms) = preSolution
		Debug|Any CPU = Debug|Any CPU
		Release|Any CPU = Release|Any CPU
	EndGlobalSection
	GlobalSection(ProjectConfigurationPlatforms) = postSolution
		{7CF04E91-ECC3-4C58-9BF6-FD3CE687B224}.Debug|Any CPU.ActiveCfg = Debug|Any CPU
		{7CF04E91-ECC3-4C58-9BF6-FD3CE687B224}.Debug|Any CPU.Build.0 = Debug|Any CPU
		{7CF04E91-ECC3-4C58-9BF6-FD3CE687B224}.Release|Any CPU.ActiveCfg = Release|Any CPU
		{7CF04E91-ECC3-4C58-9BF6-FD3CE687B224}.Release|Any CPU.Build.0 = Release|Any CPU
	EndGlobalSection
	GlobalSection(SolutionProperties) = preSolution
		HideSolutionNode = FALSE
	EndGlobalSection
	GlobalSection(ExtensibilityGlobals) = postSolution
		SolutionGuid = {62E11A5E-7A4A-493F-92B5-79DE856DC72A}
	EndGlobalSection
EndGlobal
